// !$*UTF8*$!
{
	archiveVersion = 1;
	classes = {
	};
	objectVersion = 50;
	objects = {

/* Begin PBXBuildFile section */
		40A4F76B24B03444001469C2 /* AppDelegate.swift in Sources */ = {isa = PBXBuildFile; fileRef = 40A4F76A24B03444001469C2 /* AppDelegate.swift */; };
		40A4F76D24B03444001469C2 /* SceneDelegate.swift in Sources */ = {isa = PBXBuildFile; fileRef = 40A4F76C24B03444001469C2 /* SceneDelegate.swift */; };
		40A4F76F24B03444001469C2 /* EmojiMemoryGameView.swift in Sources */ = {isa = PBXBuildFile; fileRef = 40A4F76E24B03444001469C2 /* EmojiMemoryGameView.swift */; };
		40A4F77124B03449001469C2 /* Assets.xcassets in Resources */ = {isa = PBXBuildFile; fileRef = 40A4F77024B03449001469C2 /* Assets.xcassets */; };
		40A4F77424B03449001469C2 /* Preview Assets.xcassets in Resources */ = {isa = PBXBuildFile; fileRef = 40A4F77324B03449001469C2 /* Preview Assets.xcassets */; };
		40A4F77724B03449001469C2 /* LaunchScreen.storyboard in Resources */ = {isa = PBXBuildFile; fileRef = 40A4F77524B03449001469C2 /* LaunchScreen.storyboard */; };
		40A4F78224B03449001469C2 /* MemorizeTests.swift in Sources */ = {isa = PBXBuildFile; fileRef = 40A4F78124B03449001469C2 /* MemorizeTests.swift */; };
		40A4F78D24B03449001469C2 /* MemorizeUITests.swift in Sources */ = {isa = PBXBuildFile; fileRef = 40A4F78C24B03449001469C2 /* MemorizeUITests.swift */; };
		40A4F79F24B29A89001469C2 /* MemoryGame.swift in Sources */ = {isa = PBXBuildFile; fileRef = 40A4F79E24B29A89001469C2 /* MemoryGame.swift */; };
		40A4F7A124B29B34001469C2 /* EmojiMemoryGame.swift in Sources */ = {isa = PBXBuildFile; fileRef = 40A4F7A024B29B34001469C2 /* EmojiMemoryGame.swift */; };
		40A4F7A424B37A2E001469C2 /* Array+Identifiable.swift in Sources */ = {isa = PBXBuildFile; fileRef = 40A4F7A324B37A2E001469C2 /* Array+Identifiable.swift */; };
/* End PBXBuildFile section */

/* Begin PBXContainerItemProxy section */
		40A4F77E24B03449001469C2 /* PBXContainerItemProxy */ = {
			isa = PBXContainerItemProxy;
			containerPortal = 40A4F75F24B03444001469C2 /* Project object */;
			proxyType = 1;
			remoteGlobalIDString = 40A4F76624B03444001469C2;
			remoteInfo = Memorize;
		};
		40A4F78924B03449001469C2 /* PBXContainerItemProxy */ = {
			isa = PBXContainerItemProxy;
			containerPortal = 40A4F75F24B03444001469C2 /* Project object */;
			proxyType = 1;
			remoteGlobalIDString = 40A4F76624B03444001469C2;
			remoteInfo = Memorize;
		};
/* End PBXContainerItemProxy section */

/* Begin PBXFileReference section */
		40A4F76724B03444001469C2 /* Memorize.app */ = {isa = PBXFileReference; explicitFileType = wrapper.application; includeInIndex = 0; path = Memorize.app; sourceTree = BUILT_PRODUCTS_DIR; };
		40A4F76A24B03444001469C2 /* AppDelegate.swift */ = {isa = PBXFileReference; lastKnownFileType = sourcecode.swift; path = AppDelegate.swift; sourceTree = "<group>"; };
		40A4F76C24B03444001469C2 /* SceneDelegate.swift */ = {isa = PBXFileReference; lastKnownFileType = sourcecode.swift; path = SceneDelegate.swift; sourceTree = "<group>"; };
		40A4F76E24B03444001469C2 /* EmojiMemoryGameView.swift */ = {isa = PBXFileReference; lastKnownFileType = sourcecode.swift; path = EmojiMemoryGameView.swift; sourceTree = "<group>"; };
		40A4F77024B03449001469C2 /* Assets.xcassets */ = {isa = PBXFileReference; lastKnownFileType = folder.assetcatalog; path = Assets.xcassets; sourceTree = "<group>"; };
		40A4F77324B03449001469C2 /* Preview Assets.xcassets */ = {isa = PBXFileReference; lastKnownFileType = folder.assetcatalog; path = "Preview Assets.xcassets"; sourceTree = "<group>"; };
		40A4F77624B03449001469C2 /* Base */ = {isa = PBXFileReference; lastKnownFileType = file.storyboard; name = Base; path = Base.lproj/LaunchScreen.storyboard; sourceTree = "<group>"; };
		40A4F77824B03449001469C2 /* Info.plist */ = {isa = PBXFileReference; lastKnownFileType = text.plist.xml; path = Info.plist; sourceTree = "<group>"; };
		40A4F77D24B03449001469C2 /* MemorizeTests.xctest */ = {isa = PBXFileReference; explicitFileType = wrapper.cfbundle; includeInIndex = 0; path = MemorizeTests.xctest; sourceTree = BUILT_PRODUCTS_DIR; };
		40A4F78124B03449001469C2 /* MemorizeTests.swift */ = {isa = PBXFileReference; lastKnownFileType = sourcecode.swift; path = MemorizeTests.swift; sourceTree = "<group>"; };
		40A4F78324B03449001469C2 /* Info.plist */ = {isa = PBXFileReference; lastKnownFileType = text.plist.xml; path = Info.plist; sourceTree = "<group>"; };
		40A4F78824B03449001469C2 /* MemorizeUITests.xctest */ = {isa = PBXFileReference; explicitFileType = wrapper.cfbundle; includeInIndex = 0; path = MemorizeUITests.xctest; sourceTree = BUILT_PRODUCTS_DIR; };
		40A4F78C24B03449001469C2 /* MemorizeUITests.swift */ = {isa = PBXFileReference; lastKnownFileType = sourcecode.swift; path = MemorizeUITests.swift; sourceTree = "<group>"; };
		40A4F78E24B03449001469C2 /* Info.plist */ = {isa = PBXFileReference; lastKnownFileType = text.plist.xml; path = Info.plist; sourceTree = "<group>"; };
		40A4F79E24B29A89001469C2 /* MemoryGame.swift */ = {isa = PBXFileReference; lastKnownFileType = sourcecode.swift; path = MemoryGame.swift; sourceTree = "<group>"; };
		40A4F7A024B29B34001469C2 /* EmojiMemoryGame.swift */ = {isa = PBXFileReference; lastKnownFileType = sourcecode.swift; path = EmojiMemoryGame.swift; sourceTree = "<group>"; };
		40A4F7A324B37A2E001469C2 /* Array+Identifiable.swift */ = {isa = PBXFileReference; lastKnownFileType = sourcecode.swift; path = "Array+Identifiable.swift"; sourceTree = "<group>"; };
/* End PBXFileReference section */

/* Begin PBXFrameworksBuildPhase section */
		40A4F76424B03444001469C2 /* Frameworks */ = {
			isa = PBXFrameworksBuildPhase;
			buildActionMask = 2147483647;
			files = (
			);
			runOnlyForDeploymentPostprocessing = 0;
		};
		40A4F77A24B03449001469C2 /* Frameworks */ = {
			isa = PBXFrameworksBuildPhase;
			buildActionMask = 2147483647;
			files = (
			);
			runOnlyForDeploymentPostprocessing = 0;
		};
		40A4F78524B03449001469C2 /* Frameworks */ = {
			isa = PBXFrameworksBuildPhase;
			buildActionMask = 2147483647;
			files = (
			);
			runOnlyForDeploymentPostprocessing = 0;
		};
/* End PBXFrameworksBuildPhase section */

/* Begin PBXGroup section */
		40A4F75E24B03444001469C2 = {
			isa = PBXGroup;
			children = (
				40A4F76924B03444001469C2 /* Memorize */,
				40A4F78024B03449001469C2 /* MemorizeTests */,
				40A4F78B24B03449001469C2 /* MemorizeUITests */,
				40A4F76824B03444001469C2 /* Products */,
			);
			sourceTree = "<group>";
		};
		40A4F76824B03444001469C2 /* Products */ = {
			isa = PBXGroup;
			children = (
				40A4F76724B03444001469C2 /* Memorize.app */,
				40A4F77D24B03449001469C2 /* MemorizeTests.xctest */,
				40A4F78824B03449001469C2 /* MemorizeUITests.xctest */,
			);
			name = Products;
			sourceTree = "<group>";
		};
		40A4F76924B03444001469C2 /* Memorize */ = {
			isa = PBXGroup;
			children = (
				40A4F7A224B37A1B001469C2 /* Extensions */,
				40A4F79D24B29A50001469C2 /* Model */,
				40A4F79C24B29A49001469C2 /* View Model */,
				40A4F79B24B29A3B001469C2 /* View */,
				40A4F79A24B29A33001469C2 /* App */,
				40A4F77024B03449001469C2 /* Assets.xcassets */,
				40A4F77524B03449001469C2 /* LaunchScreen.storyboard */,
				40A4F77824B03449001469C2 /* Info.plist */,
				40A4F77224B03449001469C2 /* Preview Content */,
			);
			path = Memorize;
			sourceTree = "<group>";
		};
		40A4F77224B03449001469C2 /* Preview Content */ = {
			isa = PBXGroup;
			children = (
				40A4F77324B03449001469C2 /* Preview Assets.xcassets */,
			);
			path = "Preview Content";
			sourceTree = "<group>";
		};
		40A4F78024B03449001469C2 /* MemorizeTests */ = {
			isa = PBXGroup;
			children = (
				40A4F78124B03449001469C2 /* MemorizeTests.swift */,
				40A4F78324B03449001469C2 /* Info.plist */,
			);
			path = MemorizeTests;
			sourceTree = "<group>";
		};
		40A4F78B24B03449001469C2 /* MemorizeUITests */ = {
			isa = PBXGroup;
			children = (
				40A4F78C24B03449001469C2 /* MemorizeUITests.swift */,
				40A4F78E24B03449001469C2 /* Info.plist */,
			);
			path = MemorizeUITests;
			sourceTree = "<group>";
		};
		40A4F79A24B29A33001469C2 /* App */ = {
			isa = PBXGroup;
			children = (
				40A4F76A24B03444001469C2 /* AppDelegate.swift */,
				40A4F76C24B03444001469C2 /* SceneDelegate.swift */,
			);
			path = App;
			sourceTree = "<group>";
		};
		40A4F79B24B29A3B001469C2 /* View */ = {
			isa = PBXGroup;
			children = (
				40A4F76E24B03444001469C2 /* EmojiMemoryGameView.swift */,
			);
			path = View;
			sourceTree = "<group>";
		};
		40A4F79C24B29A49001469C2 /* View Model */ = {
			isa = PBXGroup;
			children = (
				40A4F7A024B29B34001469C2 /* EmojiMemoryGame.swift */,
			);
			path = "View Model";
			sourceTree = "<group>";
		};
		40A4F79D24B29A50001469C2 /* Model */ = {
			isa = PBXGroup;
			children = (
				40A4F79E24B29A89001469C2 /* MemoryGame.swift */,
			);
			path = Model;
			sourceTree = "<group>";
		};
		40A4F7A224B37A1B001469C2 /* Extensions */ = {
			isa = PBXGroup;
			children = (
				40A4F7A324B37A2E001469C2 /* Array+Identifiable.swift */,
			);
			path = Extensions;
			sourceTree = "<group>";
		};
/* End PBXGroup section */

/* Begin PBXNativeTarget section */
		40A4F76624B03444001469C2 /* Memorize */ = {
			isa = PBXNativeTarget;
			buildConfigurationList = 40A4F79124B03449001469C2 /* Build configuration list for PBXNativeTarget "Memorize" */;
			buildPhases = (
				40A4F76324B03444001469C2 /* Sources */,
				40A4F76424B03444001469C2 /* Frameworks */,
				40A4F76524B03444001469C2 /* Resources */,
			);
			buildRules = (
			);
			dependencies = (
			);
			name = Memorize;
			productName = Memorize;
			productReference = 40A4F76724B03444001469C2 /* Memorize.app */;
			productType = "com.apple.product-type.application";
		};
		40A4F77C24B03449001469C2 /* MemorizeTests */ = {
			isa = PBXNativeTarget;
			buildConfigurationList = 40A4F79424B03449001469C2 /* Build configuration list for PBXNativeTarget "MemorizeTests" */;
			buildPhases = (
				40A4F77924B03449001469C2 /* Sources */,
				40A4F77A24B03449001469C2 /* Frameworks */,
				40A4F77B24B03449001469C2 /* Resources */,
			);
			buildRules = (
			);
			dependencies = (
				40A4F77F24B03449001469C2 /* PBXTargetDependency */,
			);
			name = MemorizeTests;
			productName = MemorizeTests;
			productReference = 40A4F77D24B03449001469C2 /* MemorizeTests.xctest */;
			productType = "com.apple.product-type.bundle.unit-test";
		};
		40A4F78724B03449001469C2 /* MemorizeUITests */ = {
			isa = PBXNativeTarget;
			buildConfigurationList = 40A4F79724B03449001469C2 /* Build configuration list for PBXNativeTarget "MemorizeUITests" */;
			buildPhases = (
				40A4F78424B03449001469C2 /* Sources */,
				40A4F78524B03449001469C2 /* Frameworks */,
				40A4F78624B03449001469C2 /* Resources */,
			);
			buildRules = (
			);
			dependencies = (
				40A4F78A24B03449001469C2 /* PBXTargetDependency */,
			);
			name = MemorizeUITests;
			productName = MemorizeUITests;
			productReference = 40A4F78824B03449001469C2 /* MemorizeUITests.xctest */;
			productType = "com.apple.product-type.bundle.ui-testing";
		};
/* End PBXNativeTarget section */

/* Begin PBXProject section */
		40A4F75F24B03444001469C2 /* Project object */ = {
			isa = PBXProject;
			attributes = {
				LastSwiftUpdateCheck = 1120;
				LastUpgradeCheck = 1120;
				ORGANIZATIONNAME = Adi;
				TargetAttributes = {
					40A4F76624B03444001469C2 = {
						CreatedOnToolsVersion = 11.2.1;
					};
					40A4F77C24B03449001469C2 = {
						CreatedOnToolsVersion = 11.2.1;
						TestTargetID = 40A4F76624B03444001469C2;
					};
					40A4F78724B03449001469C2 = {
						CreatedOnToolsVersion = 11.2.1;
						TestTargetID = 40A4F76624B03444001469C2;
					};
				};
			};
			buildConfigurationList = 40A4F76224B03444001469C2 /* Build configuration list for PBXProject "Memorize" */;
			compatibilityVersion = "Xcode 9.3";
			developmentRegion = en;
			hasScannedForEncodings = 0;
			knownRegions = (
				en,
				Base,
			);
			mainGroup = 40A4F75E24B03444001469C2;
			productRefGroup = 40A4F76824B03444001469C2 /* Products */;
			projectDirPath = "";
			projectRoot = "";
			targets = (
				40A4F76624B03444001469C2 /* Memorize */,
				40A4F77C24B03449001469C2 /* MemorizeTests */,
				40A4F78724B03449001469C2 /* MemorizeUITests */,
			);
		};
/* End PBXProject section */

/* Begin PBXResourcesBuildPhase section */
		40A4F76524B03444001469C2 /* Resources */ = {
			isa = PBXResourcesBuildPhase;
			buildActionMask = 2147483647;
			files = (
				40A4F77724B03449001469C2 /* LaunchScreen.storyboard in Resources */,
				40A4F77424B03449001469C2 /* Preview Assets.xcassets in Resources */,
				40A4F77124B03449001469C2 /* Assets.xcassets in Resources */,
			);
			runOnlyForDeploymentPostprocessing = 0;
		};
		40A4F77B24B03449001469C2 /* Resources */ = {
			isa = PBXResourcesBuildPhase;
			buildActionMask = 2147483647;
			files = (
			);
			runOnlyForDeploymentPostprocessing = 0;
		};
		40A4F78624B03449001469C2 /* Resources */ = {
			isa = PBXResourcesBuildPhase;
			buildActionMask = 2147483647;
			files = (
			);
			runOnlyForDeploymentPostprocessing = 0;
		};
/* End PBXResourcesBuildPhase section */

/* Begin PBXSourcesBuildPhase section */
		40A4F76324B03444001469C2 /* Sources */ = {
			isa = PBXSourcesBuildPhase;
			buildActionMask = 2147483647;
			files = (
				40A4F76B24B03444001469C2 /* AppDelegate.swift in Sources */,
				40A4F76D24B03444001469C2 /* SceneDelegate.swift in Sources */,
				40A4F79F24B29A89001469C2 /* MemoryGame.swift in Sources */,
				40A4F76F24B03444001469C2 /* EmojiMemoryGameView.swift in Sources */,
				40A4F7A124B29B34001469C2 /* EmojiMemoryGame.swift in Sources */,
				40A4F7A424B37A2E001469C2 /* Array+Identifiable.swift in Sources */,
			);
			runOnlyForDeploymentPostprocessing = 0;
		};
		40A4F77924B03449001469C2 /* Sources */ = {
			isa = PBXSourcesBuildPhase;
			buildActionMask = 2147483647;
			files = (
				40A4F78224B03449001469C2 /* MemorizeTests.swift in Sources */,
			);
			runOnlyForDeploymentPostprocessing = 0;
		};
		40A4F78424B03449001469C2 /* Sources */ = {
			isa = PBXSourcesBuildPhase;
			buildActionMask = 2147483647;
			files = (
				40A4F78D24B03449001469C2 /* MemorizeUITests.swift in Sources */,
			);
			runOnlyForDeploymentPostprocessing = 0;
		};
/* End PBXSourcesBuildPhase section */

/* Begin PBXTargetDependency section */
		40A4F77F24B03449001469C2 /* PBXTargetDependency */ = {
			isa = PBXTargetDependency;
			target = 40A4F76624B03444001469C2 /* Memorize */;
			targetProxy = 40A4F77E24B03449001469C2 /* PBXContainerItemProxy */;
		};
		40A4F78A24B03449001469C2 /* PBXTargetDependency */ = {
			isa = PBXTargetDependency;
			target = 40A4F76624B03444001469C2 /* Memorize */;
			targetProxy = 40A4F78924B03449001469C2 /* PBXContainerItemProxy */;
		};
/* End PBXTargetDependency section */

/* Begin PBXVariantGroup section */
		40A4F77524B03449001469C2 /* LaunchScreen.storyboard */ = {
			isa = PBXVariantGroup;
			children = (
				40A4F77624B03449001469C2 /* Base */,
			);
			name = LaunchScreen.storyboard;
			sourceTree = "<group>";
		};
/* End PBXVariantGroup section */

/* Begin XCBuildConfiguration section */
		40A4F78F24B03449001469C2 /* Debug */ = {
			isa = XCBuildConfiguration;
			buildSettings = {
				ALWAYS_SEARCH_USER_PATHS = NO;
				CLANG_ANALYZER_NONNULL = YES;
				CLANG_ANALYZER_NUMBER_OBJECT_CONVERSION = YES_AGGRESSIVE;
				CLANG_CXX_LANGUAGE_STANDARD = "gnu++14";
				CLANG_CXX_LIBRARY = "libc++";
				CLANG_ENABLE_MODULES = YES;
				CLANG_ENABLE_OBJC_ARC = YES;
				CLANG_ENABLE_OBJC_WEAK = YES;
				CLANG_WARN_BLOCK_CAPTURE_AUTORELEASING = YES;
				CLANG_WARN_BOOL_CONVERSION = YES;
				CLANG_WARN_COMMA = YES;
				CLANG_WARN_CONSTANT_CONVERSION = YES;
				CLANG_WARN_DEPRECATED_OBJC_IMPLEMENTATIONS = YES;
				CLANG_WARN_DIRECT_OBJC_ISA_USAGE = YES_ERROR;
				CLANG_WARN_DOCUMENTATION_COMMENTS = YES;
				CLANG_WARN_EMPTY_BODY = YES;
				CLANG_WARN_ENUM_CONVERSION = YES;
				CLANG_WARN_INFINITE_RECURSION = YES;
				CLANG_WARN_INT_CONVERSION = YES;
				CLANG_WARN_NON_LITERAL_NULL_CONVERSION = YES;
				CLANG_WARN_OBJC_IMPLICIT_RETAIN_SELF = YES;
				CLANG_WARN_OBJC_LITERAL_CONVERSION = YES;
				CLANG_WARN_OBJC_ROOT_CLASS = YES_ERROR;
				CLANG_WARN_RANGE_LOOP_ANALYSIS = YES;
				CLANG_WARN_STRICT_PROTOTYPES = YES;
				CLANG_WARN_SUSPICIOUS_MOVE = YES;
				CLANG_WARN_UNGUARDED_AVAILABILITY = YES_AGGRESSIVE;
				CLANG_WARN_UNREACHABLE_CODE = YES;
				CLANG_WARN__DUPLICATE_METHOD_MATCH = YES;
				COPY_PHASE_STRIP = NO;
				DEBUG_INFORMATION_FORMAT = dwarf;
				ENABLE_STRICT_OBJC_MSGSEND = YES;
				ENABLE_TESTABILITY = YES;
				GCC_C_LANGUAGE_STANDARD = gnu11;
				GCC_DYNAMIC_NO_PIC = NO;
				GCC_NO_COMMON_BLOCKS = YES;
				GCC_OPTIMIZATION_LEVEL = 0;
				GCC_PREPROCESSOR_DEFINITIONS = (
					"DEBUG=1",
					"$(inherited)",
				);
				GCC_WARN_64_TO_32_BIT_CONVERSION = YES;
				GCC_WARN_ABOUT_RETURN_TYPE = YES_ERROR;
				GCC_WARN_UNDECLARED_SELECTOR = YES;
				GCC_WARN_UNINITIALIZED_AUTOS = YES_AGGRESSIVE;
				GCC_WARN_UNUSED_FUNCTION = YES;
				GCC_WARN_UNUSED_VARIABLE = YES;
				IPHONEOS_DEPLOYMENT_TARGET = 13.2;
				MTL_ENABLE_DEBUG_INFO = INCLUDE_SOURCE;
				MTL_FAST_MATH = YES;
				ONLY_ACTIVE_ARCH = YES;
				SDKROOT = iphoneos;
				SWIFT_ACTIVE_COMPILATION_CONDITIONS = DEBUG;
				SWIFT_OPTIMIZATION_LEVEL = "-Onone";
			};
			name = Debug;
		};
		40A4F79024B03449001469C2 /* Release */ = {
			isa = XCBuildConfiguration;
			buildSettings = {
				ALWAYS_SEARCH_USER_PATHS = NO;
				CLANG_ANALYZER_NONNULL = YES;
				CLANG_ANALYZER_NUMBER_OBJECT_CONVERSION = YES_AGGRESSIVE;
				CLANG_CXX_LANGUAGE_STANDARD = "gnu++14";
				CLANG_CXX_LIBRARY = "libc++";
				CLANG_ENABLE_MODULES = YES;
				CLANG_ENABLE_OBJC_ARC = YES;
				CLANG_ENABLE_OBJC_WEAK = YES;
				CLANG_WARN_BLOCK_CAPTURE_AUTORELEASING = YES;
				CLANG_WARN_BOOL_CONVERSION = YES;
				CLANG_WARN_COMMA = YES;
				CLANG_WARN_CONSTANT_CONVERSION = YES;
				CLANG_WARN_DEPRECATED_OBJC_IMPLEMENTATIONS = YES;
				CLANG_WARN_DIRECT_OBJC_ISA_USAGE = YES_ERROR;
				CLANG_WARN_DOCUMENTATION_COMMENTS = YES;
				CLANG_WARN_EMPTY_BODY = YES;
				CLANG_WARN_ENUM_CONVERSION = YES;
				CLANG_WARN_INFINITE_RECURSION = YES;
				CLANG_WARN_INT_CONVERSION = YES;
				CLANG_WARN_NON_LITERAL_NULL_CONVERSION = YES;
				CLANG_WARN_OBJC_IMPLICIT_RETAIN_SELF = YES;
				CLANG_WARN_OBJC_LITERAL_CONVERSION = YES;
				CLANG_WARN_OBJC_ROOT_CLASS = YES_ERROR;
				CLANG_WARN_RANGE_LOOP_ANALYSIS = YES;
				CLANG_WARN_STRICT_PROTOTYPES = YES;
				CLANG_WARN_SUSPICIOUS_MOVE = YES;
				CLANG_WARN_UNGUARDED_AVAILABILITY = YES_AGGRESSIVE;
				CLANG_WARN_UNREACHABLE_CODE = YES;
				CLANG_WARN__DUPLICATE_METHOD_MATCH = YES;
				COPY_PHASE_STRIP = NO;
				DEBUG_INFORMATION_FORMAT = "dwarf-with-dsym";
				ENABLE_NS_ASSERTIONS = NO;
				ENABLE_STRICT_OBJC_MSGSEND = YES;
				GCC_C_LANGUAGE_STANDARD = gnu11;
				GCC_NO_COMMON_BLOCKS = YES;
				GCC_WARN_64_TO_32_BIT_CONVERSION = YES;
				GCC_WARN_ABOUT_RETURN_TYPE = YES_ERROR;
				GCC_WARN_UNDECLARED_SELECTOR = YES;
				GCC_WARN_UNINITIALIZED_AUTOS = YES_AGGRESSIVE;
				GCC_WARN_UNUSED_FUNCTION = YES;
				GCC_WARN_UNUSED_VARIABLE = YES;
				IPHONEOS_DEPLOYMENT_TARGET = 13.2;
				MTL_ENABLE_DEBUG_INFO = NO;
				MTL_FAST_MATH = YES;
				SDKROOT = iphoneos;
				SWIFT_COMPILATION_MODE = wholemodule;
				SWIFT_OPTIMIZATION_LEVEL = "-O";
				VALIDATE_PRODUCT = YES;
			};
			name = Release;
		};
		40A4F79224B03449001469C2 /* Debug */ = {
			isa = XCBuildConfiguration;
			buildSettings = {
				ASSETCATALOG_COMPILER_APPICON_NAME = AppIcon;
				CODE_SIGN_STYLE = Automatic;
				DEVELOPMENT_ASSET_PATHS = "\"Memorize/Preview Content\"";
				DEVELOPMENT_TEAM = YT23XWN63C;
				ENABLE_PREVIEWS = YES;
				INFOPLIST_FILE = Memorize/Info.plist;
				LD_RUNPATH_SEARCH_PATHS = (
					"$(inherited)",
					"@executable_path/Frameworks",
				);
				PRODUCT_BUNDLE_IDENTIFIER = com.garg.Memorize;
				PRODUCT_NAME = "$(TARGET_NAME)";
				SWIFT_VERSION = 5.0;
				TARGETED_DEVICE_FAMILY = "1,2";
			};
			name = Debug;
		};
		40A4F79324B03449001469C2 /* Release */ = {
			isa = XCBuildConfiguration;
			buildSettings = {
				ASSETCATALOG_COMPILER_APPICON_NAME = AppIcon;
				CODE_SIGN_STYLE = Automatic;
				DEVELOPMENT_ASSET_PATHS = "\"Memorize/Preview Content\"";
				DEVELOPMENT_TEAM = YT23XWN63C;
				ENABLE_PREVIEWS = YES;
				INFOPLIST_FILE = Memorize/Info.plist;
				LD_RUNPATH_SEARCH_PATHS = (
					"$(inherited)",
					"@executable_path/Frameworks",
				);
				PRODUCT_BUNDLE_IDENTIFIER = com.garg.Memorize;
				PRODUCT_NAME = "$(TARGET_NAME)";
				SWIFT_VERSION = 5.0;
				TARGETED_DEVICE_FAMILY = "1,2";
			};
			name = Release;
		};
		40A4F79524B03449001469C2 /* Debug */ = {
			isa = XCBuildConfiguration;
			buildSettings = {
				ALWAYS_EMBED_SWIFT_STANDARD_LIBRARIES = YES;
				BUNDLE_LOADER = "$(TEST_HOST)";
				CODE_SIGN_STYLE = Automatic;
				DEVELOPMENT_TEAM = YT23XWN63C;
				INFOPLIST_FILE = MemorizeTests/Info.plist;
				IPHONEOS_DEPLOYMENT_TARGET = 13.2;
				LD_RUNPATH_SEARCH_PATHS = (
					"$(inherited)",
					"@executable_path/Frameworks",
					"@loader_path/Frameworks",
				);
				PRODUCT_BUNDLE_IDENTIFIER = com.garg.MemorizeTests;
				PRODUCT_NAME = "$(TARGET_NAME)";
				SWIFT_VERSION = 5.0;
				TARGETED_DEVICE_FAMILY = "1,2";
				TEST_HOST = "$(BUILT_PRODUCTS_DIR)/Memorize.app/Memorize";
			};
			name = Debug;
		};
		40A4F79624B03449001469C2 /* Release */ = {
			isa = XCBuildConfiguration;
			buildSettings = {
				ALWAYS_EMBED_SWIFT_STANDARD_LIBRARIES = YES;
				BUNDLE_LOADER = "$(TEST_HOST)";
				CODE_SIGN_STYLE = Automatic;
				DEVELOPMENT_TEAM = YT23XWN63C;
				INFOPLIST_FILE = MemorizeTests/Info.plist;
				IPHONEOS_DEPLOYMENT_TARGET = 13.2;
				LD_RUNPATH_SEARCH_PATHS = (
					"$(inherited)",
					"@executable_path/Frameworks",
					"@loader_path/Frameworks",
				);
				PRODUCT_BUNDLE_IDENTIFIER = com.garg.MemorizeTests;
				PRODUCT_NAME = "$(TARGET_NAME)";
				SWIFT_VERSION = 5.0;
				TARGETED_DEVICE_FAMILY = "1,2";
				TEST_HOST = "$(BUILT_PRODUCTS_DIR)/Memorize.app/Memorize";
			};
			name = Release;
		};
		40A4F79824B03449001469C2 /* Debug */ = {
			isa = XCBuildConfiguration;
			buildSettings = {
				ALWAYS_EMBED_SWIFT_STANDARD_LIBRARIES = YES;
				CODE_SIGN_STYLE = Automatic;
				DEVELOPMENT_TEAM = YT23XWN63C;
				INFOPLIST_FILE = MemorizeUITests/Info.plist;
				LD_RUNPATH_SEARCH_PATHS = (
					"$(inherited)",
					"@executable_path/Frameworks",
					"@loader_path/Frameworks",
				);
				PRODUCT_BUNDLE_IDENTIFIER = com.garg.MemorizeUITests;
				PRODUCT_NAME = "$(TARGET_NAME)";
				SWIFT_VERSION = 5.0;
				TARGETED_DEVICE_FAMILY = "1,2";
				TEST_TARGET_NAME = Memorize;
			};
			name = Debug;
		};
		40A4F79924B03449001469C2 /* Release */ = {
			isa = XCBuildConfiguration;
			buildSettings = {
				ALWAYS_EMBED_SWIFT_STANDARD_LIBRARIES = YES;
				CODE_SIGN_STYLE = Automatic;
				DEVELOPMENT_TEAM = YT23XWN63C;
				INFOPLIST_FILE = MemorizeUITests/Info.plist;
				LD_RUNPATH_SEARCH_PATHS = (
					"$(inherited)",
					"@executable_path/Frameworks",
					"@loader_path/Frameworks",
				);
				PRODUCT_BUNDLE_IDENTIFIER = com.garg.MemorizeUITests;
				PRODUCT_NAME = "$(TARGET_NAME)";
				SWIFT_VERSION = 5.0;
				TARGETED_DEVICE_FAMILY = "1,2";
				TEST_TARGET_NAME = Memorize;
			};
			name = Release;
		};
/* End XCBuildConfiguration section */

/* Begin XCConfigurationList section */
		40A4F76224B03444001469C2 /* Build configuration list for PBXProject "Memorize" */ = {
			isa = XCConfigurationList;
			buildConfigurations = (
				40A4F78F24B03449001469C2 /* Debug */,
				40A4F79024B03449001469C2 /* Release */,
			);
			defaultConfigurationIsVisible = 0;
			defaultConfigurationName = Release;
		};
		40A4F79124B03449001469C2 /* Build configuration list for PBXNativeTarget "Memorize" */ = {
			isa = XCConfigurationList;
			buildConfigurations = (
				40A4F79224B03449001469C2 /* Debug */,
				40A4F79324B03449001469C2 /* Release */,
			);
			defaultConfigurationIsVisible = 0;
			defaultConfigurationName = Release;
		};
		40A4F79424B03449001469C2 /* Build configuration list for PBXNativeTarget "MemorizeTests" */ = {
			isa = XCConfigurationList;
			buildConfigurations = (
				40A4F79524B03449001469C2 /* Debug */,
				40A4F79624B03449001469C2 /* Release */,
			);
			defaultConfigurationIsVisible = 0;
			defaultConfigurationName = Release;
		};
		40A4F79724B03449001469C2 /* Build configuration list for PBXNativeTarget "MemorizeUITests" */ = {
			isa = XCConfigurationList;
			buildConfigurations = (
				40A4F79824B03449001469C2 /* Debug */,
				40A4F79924B03449001469C2 /* Release */,
			);
			defaultConfigurationIsVisible = 0;
			defaultConfigurationName = Release;
		};
/* End XCConfigurationList section */
	};
	rootObject = 40A4F75F24B03444001469C2 /* Project object */;
}
